
Microsoft Visual Studio Solution File, Format Version 12.00
# Visual Studio Version 17
VisualStudioVersion = 17.3.32825.248
MinimumVisualStudioVersion = 10.0.40219.1
Project("{FAE04EC0-301F-11D3-BF4B-00C04F79EFBC}") = "16.09", "16.09\16.09.csproj", "{1D06D0F7-51EE-4964-9DCE-1510C9F651D8}"
EndProject
Global
	GlobalSection(SolutionConfigurationPlatforms) = preSolution
		Debug|Any CPU = Debug|Any CPU
		Release|Any CPU = Release|Any CPU
	EndGlobalSection
	GlobalSection(ProjectConfigurationPlatforms) = postSolution
		{1D06D0F7-51EE-4964-9DCE-1510C9F651D8}.Debug|Any CPU.ActiveCfg = Debug|Any CPU
		{1D06D0F7-51EE-4964-9DCE-1510C9F651D8}.Debug|Any CPU.Build.0 = Debug|Any CPU
		{1D06D0F7-51EE-4964-9DCE-1510C9F651D8}.Release|Any CPU.ActiveCfg = Release|Any CPU
		{1D06D0F7-51EE-4964-9DCE-1510C9F651D8}.Release|Any CPU.Build.0 = Release|Any CPU
	EndGlobalSection
	GlobalSection(SolutionProperties) = preSolution
		HideSolutionNode = FALSE
	EndGlobalSection
	GlobalSection(ExtensibilityGlobals) = postSolution
		SolutionGuid = {83145014-7F90-4C54-ABBC-5C4675F21B85}
	EndGlobalSection
EndGlobal
